# THIS IS AN AUTOGENERATED FILE. DO NOT EDIT THIS FILE DIRECTLY.
# yarn lockfile v1


"bootstrap-datepicker@https://github.com/uxsolutions/bootstrap-datepicker#v1.0.1":
  version "0.0.0"
  resolved "https://github.com/uxsolutions/bootstrap-datepicker#6bd75201b6f9e6530c9400fd8249f77798c0f3ce"

"bootstrap-markdown@https://github.com/toopay/bootstrap-markdown#v2.1.1":
  version "0.0.0"
  resolved "https://github.com/toopay/bootstrap-markdown#4ebc45c8529becaf1236546f516c406f12d5d7c4"

"bootstrap-multiselect@https://github.com/davidstutz/bootstrap-multiselect#v0.9.4":
  version "0.0.0"
  resolved "https://github.com/davidstutz/bootstrap-multiselect#84b63dc14f47a3f4744760b7872cbb209e1fdadd"

"bootstrap-select@https://github.com/snapappointments/bootstrap-select#v1.6.5":
  version "1.6.5"
  resolved "https://github.com/snapappointments/bootstrap-select#cccb9dcbc458e13e95f839cf432adda78d3e27f1"
  dependencies:
    jquery ">=1.8"

bootstrap-switch@3.3.2:
  version "3.3.2"
  resolved "https://registry.yarnpkg.com/bootstrap-switch/-/bootstrap-switch-3.3.2.tgz#79ddb49fadc308fb731e257f95957af48996eea7"
  integrity sha1-ed20n63DCPtzHiV/lZV69ImW7qc=
  dependencies:
    jquery ">=1.9.0"

"bootstrap-toggle@https://github.com/minhur/bootstrap-toggle#2.2.0":
  version "2.0.0"
  resolved "https://github.com/minhur/bootstrap-toggle#7900336388e4c1cc51da89b0870648c2754ca743"

bootstrap@^3.3:
  version "3.4.1"
  resolved "https://registry.yarnpkg.com/bootstrap/-/bootstrap-3.4.1.tgz#c3a347d419e289ad11f4033e3c4132b87c081d72"
  integrity sha512-yN5oZVmRCwe5aKwzRj6736nSmKDX7pLYwsXiCj/EYmo16hODaBiT4En5btW/jhBF/seV+XMx3aYwukYC3A49DA==

eonasdan-bootstrap-datetimepicker@4.17.49:
  version "4.17.49"
  resolved "https://registry.yarnpkg.com/eonasdan-bootstrap-datetimepicker/-/eonasdan-bootstrap-datetimepicker-4.17.49.tgz#5534ba581c1e7eb988dbf773e2fed8a7f48cc76a"
  integrity sha512-7KZeDpkj+A6AtPR3XjX8gAnRPUkPSfW0OmMANG1dkUOPMtLSzbyoCjDIdEcfRtQPU5X0D9Gob7wWKn0h4QWy7A==
  dependencies:
    bootstrap "^3.3"
    jquery "^3.5.1"
    moment "^2.10"
    moment-timezone "^0.4.0"

intl-tel-input@17.0.8:
  version "17.0.8"
  resolved "https://registry.yarnpkg.com/intl-tel-input/-/intl-tel-input-17.0.8.tgz#e1b38e27a6c941b713b757ecf7b1f9f345f88c80"
  integrity sha512-Jf7IdNCSJrWMBbcLQJ8I3nVYnJ5xRODJhPa+0QFcTsg82E332DbMDKnzTBkEID4Q1I7Nf8+96WzmMveadRbxxg==

jquery.inputmask@3.1.57:
  version "3.1.57"
  resolved "https://registry.yarnpkg.com/jquery.inputmask/-/jquery.inputmask-3.1.57.tgz#179a8947fa2c40626f92d0958b325d14002955b6"
  integrity sha1-F5qJR/osQGJvktCVizJdFAApVbY=

jquery@>=1.8, jquery@>=1.9.0, jquery@^3.5.1:
  version "3.5.1"
  resolved "https://registry.yarnpkg.com/jquery/-/jquery-3.5.1.tgz#d7b4d08e1bfdb86ad2f1a3d039ea17304717abb5"
  integrity sha512-XwIBPqcMn57FxfT+Go5pzySnm4KWkT1Tv7gjrpT1srtf8Weynl6R273VJ5GjkRb51IzMp5nbaPjJXMWeju2MKg==

json-editor@0.7.13:
  version "0.7.13"
  resolved "https://registry.yarnpkg.com/json-editor/-/json-editor-0.7.13.tgz#c52592ed114f19ad786cdc940b8c911563efc244"
  integrity sha1-xSWS7RFPGa14bNyUC4yRFWPvwkQ=

moment-timezone@^0.4.0:
  version "0.4.1"
  resolved "https://registry.yarnpkg.com/moment-timezone/-/moment-timezone-0.4.1.tgz#81f598c3ad5e22cdad796b67ecd8d88d0f5baa06"
  integrity sha1-gfWYw61eIs2teWtn7NjYjQ9bqgY=
  dependencies:
    moment ">= 2.6.0"

"moment@>= 2.6.0", moment@^2.10:
  version "2.29.1"
  resolved "https://registry.yarnpkg.com/moment/-/moment-2.29.1.tgz#b2be769fa31940be9eeea6469c075e35006fa3d3"
  integrity sha512-kHmoybcPV8Sqy59DwNDY3Jefr64lK/by/da0ViFcuA4DH0vQg5Q6Ze5VimxkfQNSC+Mls/Kx53s7TjP1RhFEDQ==

"pick-a-color@https://github.com/lauren/pick-a-color#1.2.2":
  version "1.2.2"
  resolved "https://github.com/lauren/pick-a-color#d33df8eed46aed678774c1085b02ab412e473b25"
